
Microsoft Visual Studio Solution File, Format Version 12.00
# Visual Studio Version 16
VisualStudioVersion = 16.0.31624.102
MinimumVisualStudioVersion = 10.0.40219.1
Project("{E24C65DC-7377-472B-9ABA-BC803B73C61A}") = "Esercizio", ".", "{4645947E-354C-4B2C-9103-7891A4D3D4B5}"
	ProjectSection(WebsiteProperties) = preProject
		TargetFrameworkMoniker = ".NETFramework,Version%3Dv4.0"
		Debug.AspNetCompiler.VirtualPath = "/localhost_55218"
		Debug.AspNetCompiler.PhysicalPath = "..\Week4\Day16\Esercizio\"
		Debug.AspNetCompiler.TargetPath = "PrecompiledWeb\localhost_55218\"
		Debug.AspNetCompiler.Updateable = "true"
		Debug.AspNetCompiler.ForceOverwrite = "true"
		Debug.AspNetCompiler.FixedNames = "false"
		Debug.AspNetCompiler.Debug = "True"
		Release.AspNetCompiler.VirtualPath = "/localhost_55218"
		Release.AspNetCompiler.PhysicalPath = "..\Week4\Day16\Esercizio\"
		Release.AspNetCompiler.TargetPath = "PrecompiledWeb\localhost_55218\"
		Release.AspNetCompiler.Updateable = "true"
		Release.AspNetCompiler.ForceOverwrite = "true"
		Release.AspNetCompiler.FixedNames = "false"
		Release.AspNetCompiler.Debug = "False"
		VWDPort = "55218"
	EndProjectSection
EndProject
Global
	GlobalSection(SolutionConfigurationPlatforms) = preSolution
		Debug|Any CPU = Debug|Any CPU
	EndGlobalSection
	GlobalSection(ProjectConfigurationPlatforms) = postSolution
		{4645947E-354C-4B2C-9103-7891A4D3D4B5}.Debug|Any CPU.ActiveCfg = Debug|Any CPU
		{4645947E-354C-4B2C-9103-7891A4D3D4B5}.Debug|Any CPU.Build.0 = Debug|Any CPU
	EndGlobalSection
	GlobalSection(SolutionProperties) = preSolution
		HideSolutionNode = FALSE
	EndGlobalSection
	GlobalSection(ExtensibilityGlobals) = postSolution
		SolutionGuid = {879070CA-C03C-4CD2-8B77-066DAB894A1E}
	EndGlobalSection
EndGlobal
